
Microsoft Visual Studio Solution File, Format Version 12.00
# Visual Studio 15
VisualStudioVersion = 15.0.28307.705
MinimumVisualStudioVersion = 10.0.40219.1
Project("{2150E333-8FDC-42A3-9474-1A3956D46DE8}") = "TicketManagement", "TicketManagement", "{36043E64-815E-494C-A950-35006B5D2D17}"
EndProject
Project("{2150E333-8FDC-42A3-9474-1A3956D46DE8}") = "TM.Domain", "TM.Domain", "{346913F1-C2F6-4D09-BBBC-9080F4CB6B6E}"
EndProject
Project("{2150E333-8FDC-42A3-9474-1A3956D46DE8}") = "TM.Application", "TM.Application", "{3466DF5D-4A64-4163-972F-F17CF05114F6}"
EndProject
Project("{9A19103F-16F7-4668-BE54-9A1E7A4F7556}") = "TicketManagement.Application.Contracts", "TicketManagement.Application.Contracts\TicketManagement.Application.Contracts.csproj", "{BC1599A6-51B6-4255-85D5-2FDDC8586D89}"
EndProject
Project("{2150E333-8FDC-42A3-9474-1A3956D46DE8}") = "0_Framework", "0_Framework", "{DBF9A3A0-679D-4620-93DB-365A6764482F}"
EndProject
Project("{9A19103F-16F7-4668-BE54-9A1E7A4F7556}") = "Framework.Domain", "Framework.Domain\Framework.Domain.csproj", "{917EFB88-F58E-44C6-AC0D-6EB4022027AB}"
EndProject
Project("{9A19103F-16F7-4668-BE54-9A1E7A4F7556}") = "Framework.Core", "Framework.Core\Framework.Core.csproj", "{9159C1EC-09A5-4A52-B397-27C7A7DF0896}"
EndProject
Project("{9A19103F-16F7-4668-BE54-9A1E7A4F7556}") = "Framework.Application", "Framework.Application\Framework.Application.csproj", "{06AD334B-575A-4191-9775-DCB3F20A50AD}"
EndProject
Project("{9A19103F-16F7-4668-BE54-9A1E7A4F7556}") = "Framework.Castle", "Framework.Castle\Framework.Castle.csproj", "{CCD1CEE0-1DFC-4C1C-BFF0-7AF8A6BE205B}"
EndProject
Project("{9A19103F-16F7-4668-BE54-9A1E7A4F7556}") = "Framework.Configuration", "Framework.Configuration\Framework.Configuration.csproj", "{A5427052-03FD-4895-9CD3-6126834FFC21}"
EndProject
Project("{9A19103F-16F7-4668-BE54-9A1E7A4F7556}") = "Framework.Identity", "Framework.Identity\Framework.Identity.csproj", "{8695242A-7616-46C3-A11A-EE2E2724E0A3}"
EndProject
Project("{9A19103F-16F7-4668-BE54-9A1E7A4F7556}") = "Framework.Nhibernate", "Framework.Nhibernate\Framework.Nhibernate.csproj", "{EE04FC95-A93B-4BED-A5C5-33E293CB3DE0}"
EndProject
Project("{9A19103F-16F7-4668-BE54-9A1E7A4F7556}") = "TicketManagement.Domain", "TicketManagement.Domain\TicketManagement.Domain.csproj", "{ABA3527F-BC81-46DA-AEA9-C166D3BF706E}"
EndProject
Project("{9A19103F-16F7-4668-BE54-9A1E7A4F7556}") = "TicketManagement.Domain.Tests", "TicketManagement.Domain.Tests\TicketManagement.Domain.Tests.csproj", "{343BA929-C266-4BCA-91B3-B525B77BAC99}"
EndProject
Project("{9A19103F-16F7-4668-BE54-9A1E7A4F7556}") = "TicketManagement.Application", "TicketManagement.Application\TicketManagement.Application.csproj", "{19C75BDB-33DA-4FFB-ABF7-BE2526C3A3BD}"
EndProject
Project("{2150E333-8FDC-42A3-9474-1A3956D46DE8}") = "TM.Infrastructure", "TM.Infrastructure", "{A4F767DB-4F4E-4682-B3D8-2A339F7B9680}"
EndProject
Project("{9A19103F-16F7-4668-BE54-9A1E7A4F7556}") = "TicketManagement.Infrastructure.Persisrence", "TicketManagement.Infrastructure.Persisrence\TicketManagement.Infrastructure.Persisrence.csproj", "{2D4ACBEC-92CA-4392-9C31-3B8C694FAA9A}"
EndProject
Project("{2150E333-8FDC-42A3-9474-1A3956D46DE8}") = "TM.Presentation", "TM.Presentation", "{5E1CA47D-1E6D-4F46-B050-69C7327FF9E2}"
EndProject
Project("{9A19103F-16F7-4668-BE54-9A1E7A4F7556}") = "TicketManagement.Presentation.Rest", "TicketManagement.Presentation.Rest\TicketManagement.Presentation.Rest.csproj", "{3AC4C481-9736-4DEA-9552-C29E6F7473A2}"
EndProject
Project("{9A19103F-16F7-4668-BE54-9A1E7A4F7556}") = "TicketManagement.Application.Tests.Integration", "TicketManagement.Application.Tests.Integration\TicketManagement.Application.Tests.Integration.csproj", "{29CFBE31-1EC7-47E9-AE6D-5DD30B9B287D}"
EndProject
Project("{9A19103F-16F7-4668-BE54-9A1E7A4F7556}") = "TicketManagement.Application.Tests.Unit", "TicketManagement.Application.Tests.Unit\TicketManagement.Application.Tests.Unit.csproj", "{3D3E9ABB-9F4A-443B-B46B-5D3EF06514FF}"
EndProject
Project("{9A19103F-16F7-4668-BE54-9A1E7A4F7556}") = "TicketManagement.Infrastructure.Configuration", "TicketManagement.Infrastructure.Configuration\TicketManagement.Infrastructure.Configuration.csproj", "{182CCAB3-B7B1-4FCA-B8B7-C4E8F51B8DDB}"
EndProject
Project("{9A19103F-16F7-4668-BE54-9A1E7A4F7556}") = "Framework.Testing.Hosting", "Framework.Testing.Hosting\Framework.Testing.Hosting.csproj", "{1BD89DF8-78F9-49ED-B12D-C3E6A1368836}"
EndProject
Project("{9A19103F-16F7-4668-BE54-9A1E7A4F7556}") = "TicketManagement.Specs", "TicketManagement.Specs\TicketManagement.Specs.csproj", "{70B2812C-A4A7-4B12-BE54-53DE1D416F5A}"
EndProject
Project("{2150E333-8FDC-42A3-9474-1A3956D46DE8}") = "UserManagement", "UserManagement", "{67560CB9-7AD4-4038-87B5-EFEB6DAD687F}"
EndProject
Project("{9A19103F-16F7-4668-BE54-9A1E7A4F7556}") = "UserManagement.Specs", "UserManagement.Specs\UserManagement.Specs.csproj", "{88AB0CAE-09E6-484C-A875-593562840718}"
EndProject
Project("{2150E333-8FDC-42A3-9474-1A3956D46DE8}") = "SchoolManagement", "SchoolManagement", "{3CB71F75-7B8A-479E-9459-AD8840F4F69B}"
EndProject
Project("{2150E333-8FDC-42A3-9474-1A3956D46DE8}") = "SM.Domain", "SM.Domain", "{E9271810-5D22-49B5-864E-652E7AF1FB97}"
EndProject
Project("{9A19103F-16F7-4668-BE54-9A1E7A4F7556}") = "SchoolManagement.Domain.Tests", "SchoolManagement.Domain.Tests\SchoolManagement.Domain.Tests.csproj", "{95F1D397-9A7C-41F5-897C-0C80AB329769}"
EndProject
Project("{9A19103F-16F7-4668-BE54-9A1E7A4F7556}") = "SchoolManagement.Domain", "SchoolManagement.Domain\SchoolManagement.Domain.csproj", "{50FCD07F-FA7B-47D9-BBBF-E17F5C011986}"
EndProject
Project("{9A19103F-16F7-4668-BE54-9A1E7A4F7556}") = "UserManagement.Domain", "UserManagement.Domain\UserManagement.Domain.csproj", "{EF4E7832-0A00-4731-B56D-685E8AE8A6A3}"
EndProject
Project("{9A19103F-16F7-4668-BE54-9A1E7A4F7556}") = "UserManagement.Application", "UserManagement.Application\UserManagement.Application.csproj", "{D75377B7-B202-4748-A82F-F8046CCA5BF8}"
EndProject
Project("{9A19103F-16F7-4668-BE54-9A1E7A4F7556}") = "UserManagement.Infrastructure.Config", "UserManagement.Infrastructure.Config\UserManagement.Infrastructure.Config.csproj", "{782162F5-D2F3-43AE-B746-5326DF2CD6C3}"
EndProject
Project("{9A19103F-16F7-4668-BE54-9A1E7A4F7556}") = "UserManagement.Persistence", "UserManagement.Persistence\UserManagement.Persistence.csproj", "{3884E0C5-156B-434D-A658-FF977607268D}"
EndProject
Project("{9A19103F-16F7-4668-BE54-9A1E7A4F7556}") = "UserManagement.Presentation.RestApi", "UserManagement.Presentation.RestApi\UserManagement.Presentation.RestApi.csproj", "{7588A583-E105-4307-A4FD-AAE9CDB1B40B}"
EndProject
Global
	GlobalSection(SolutionConfigurationPlatforms) = preSolution
		Debug|Any CPU = Debug|Any CPU
		Release|Any CPU = Release|Any CPU
	EndGlobalSection
	GlobalSection(ProjectConfigurationPlatforms) = postSolution
		{BC1599A6-51B6-4255-85D5-2FDDC8586D89}.Debug|Any CPU.ActiveCfg = Debug|Any CPU
		{BC1599A6-51B6-4255-85D5-2FDDC8586D89}.Debug|Any CPU.Build.0 = Debug|Any CPU
		{BC1599A6-51B6-4255-85D5-2FDDC8586D89}.Release|Any CPU.ActiveCfg = Release|Any CPU
		{BC1599A6-51B6-4255-85D5-2FDDC8586D89}.Release|Any CPU.Build.0 = Release|Any CPU
		{917EFB88-F58E-44C6-AC0D-6EB4022027AB}.Debug|Any CPU.ActiveCfg = Debug|Any CPU
		{917EFB88-F58E-44C6-AC0D-6EB4022027AB}.Debug|Any CPU.Build.0 = Debug|Any CPU
		{917EFB88-F58E-44C6-AC0D-6EB4022027AB}.Release|Any CPU.ActiveCfg = Release|Any CPU
		{917EFB88-F58E-44C6-AC0D-6EB4022027AB}.Release|Any CPU.Build.0 = Release|Any CPU
		{9159C1EC-09A5-4A52-B397-27C7A7DF0896}.Debug|Any CPU.ActiveCfg = Debug|Any CPU
		{9159C1EC-09A5-4A52-B397-27C7A7DF0896}.Debug|Any CPU.Build.0 = Debug|Any CPU
		{9159C1EC-09A5-4A52-B397-27C7A7DF0896}.Release|Any CPU.ActiveCfg = Release|Any CPU
		{9159C1EC-09A5-4A52-B397-27C7A7DF0896}.Release|Any CPU.Build.0 = Release|Any CPU
		{06AD334B-575A-4191-9775-DCB3F20A50AD}.Debug|Any CPU.ActiveCfg = Debug|Any CPU
		{06AD334B-575A-4191-9775-DCB3F20A50AD}.Debug|Any CPU.Build.0 = Debug|Any CPU
		{06AD334B-575A-4191-9775-DCB3F20A50AD}.Release|Any CPU.ActiveCfg = Release|Any CPU
		{06AD334B-575A-4191-9775-DCB3F20A50AD}.Release|Any CPU.Build.0 = Release|Any CPU
		{CCD1CEE0-1DFC-4C1C-BFF0-7AF8A6BE205B}.Debug|Any CPU.ActiveCfg = Debug|Any CPU
		{CCD1CEE0-1DFC-4C1C-BFF0-7AF8A6BE205B}.Debug|Any CPU.Build.0 = Debug|Any CPU
		{CCD1CEE0-1DFC-4C1C-BFF0-7AF8A6BE205B}.Release|Any CPU.ActiveCfg = Release|Any CPU
		{CCD1CEE0-1DFC-4C1C-BFF0-7AF8A6BE205B}.Release|Any CPU.Build.0 = Release|Any CPU
		{A5427052-03FD-4895-9CD3-6126834FFC21}.Debug|Any CPU.ActiveCfg = Debug|Any CPU
		{A5427052-03FD-4895-9CD3-6126834FFC21}.Debug|Any CPU.Build.0 = Debug|Any CPU
		{A5427052-03FD-4895-9CD3-6126834FFC21}.Release|Any CPU.ActiveCfg = Release|Any CPU
		{A5427052-03FD-4895-9CD3-6126834FFC21}.Release|Any CPU.Build.0 = Release|Any CPU
		{8695242A-7616-46C3-A11A-EE2E2724E0A3}.Debug|Any CPU.ActiveCfg = Debug|Any CPU
		{8695242A-7616-46C3-A11A-EE2E2724E0A3}.Debug|Any CPU.Build.0 = Debug|Any CPU
		{8695242A-7616-46C3-A11A-EE2E2724E0A3}.Release|Any CPU.ActiveCfg = Release|Any CPU
		{8695242A-7616-46C3-A11A-EE2E2724E0A3}.Release|Any CPU.Build.0 = Release|Any CPU
		{EE04FC95-A93B-4BED-A5C5-33E293CB3DE0}.Debug|Any CPU.ActiveCfg = Debug|Any CPU
		{EE04FC95-A93B-4BED-A5C5-33E293CB3DE0}.Debug|Any CPU.Build.0 = Debug|Any CPU
		{EE04FC95-A93B-4BED-A5C5-33E293CB3DE0}.Release|Any CPU.ActiveCfg = Release|Any CPU
		{EE04FC95-A93B-4BED-A5C5-33E293CB3DE0}.Release|Any CPU.Build.0 = Release|Any CPU
		{ABA3527F-BC81-46DA-AEA9-C166D3BF706E}.Debug|Any CPU.ActiveCfg = Debug|Any CPU
		{ABA3527F-BC81-46DA-AEA9-C166D3BF706E}.Debug|Any CPU.Build.0 = Debug|Any CPU
		{ABA3527F-BC81-46DA-AEA9-C166D3BF706E}.Release|Any CPU.ActiveCfg = Release|Any CPU
		{ABA3527F-BC81-46DA-AEA9-C166D3BF706E}.Release|Any CPU.Build.0 = Release|Any CPU
		{343BA929-C266-4BCA-91B3-B525B77BAC99}.Debug|Any CPU.ActiveCfg = Debug|Any CPU
		{343BA929-C266-4BCA-91B3-B525B77BAC99}.Debug|Any CPU.Build.0 = Debug|Any CPU
		{343BA929-C266-4BCA-91B3-B525B77BAC99}.Release|Any CPU.ActiveCfg = Release|Any CPU
		{343BA929-C266-4BCA-91B3-B525B77BAC99}.Release|Any CPU.Build.0 = Release|Any CPU
		{19C75BDB-33DA-4FFB-ABF7-BE2526C3A3BD}.Debug|Any CPU.ActiveCfg = Debug|Any CPU
		{19C75BDB-33DA-4FFB-ABF7-BE2526C3A3BD}.Debug|Any CPU.Build.0 = Debug|Any CPU
		{19C75BDB-33DA-4FFB-ABF7-BE2526C3A3BD}.Release|Any CPU.ActiveCfg = Release|Any CPU
		{19C75BDB-33DA-4FFB-ABF7-BE2526C3A3BD}.Release|Any CPU.Build.0 = Release|Any CPU
		{2D4ACBEC-92CA-4392-9C31-3B8C694FAA9A}.Debug|Any CPU.ActiveCfg = Debug|Any CPU
		{2D4ACBEC-92CA-4392-9C31-3B8C694FAA9A}.Debug|Any CPU.Build.0 = Debug|Any CPU
		{2D4ACBEC-92CA-4392-9C31-3B8C694FAA9A}.Release|Any CPU.ActiveCfg = Release|Any CPU
		{2D4ACBEC-92CA-4392-9C31-3B8C694FAA9A}.Release|Any CPU.Build.0 = Release|Any CPU
		{3AC4C481-9736-4DEA-9552-C29E6F7473A2}.Debug|Any CPU.ActiveCfg = Debug|Any CPU
		{3AC4C481-9736-4DEA-9552-C29E6F7473A2}.Debug|Any CPU.Build.0 = Debug|Any CPU
		{3AC4C481-9736-4DEA-9552-C29E6F7473A2}.Release|Any CPU.ActiveCfg = Release|Any CPU
		{3AC4C481-9736-4DEA-9552-C29E6F7473A2}.Release|Any CPU.Build.0 = Release|Any CPU
		{29CFBE31-1EC7-47E9-AE6D-5DD30B9B287D}.Debug|Any CPU.ActiveCfg = Debug|Any CPU
		{29CFBE31-1EC7-47E9-AE6D-5DD30B9B287D}.Debug|Any CPU.Build.0 = Debug|Any CPU
		{29CFBE31-1EC7-47E9-AE6D-5DD30B9B287D}.Release|Any CPU.ActiveCfg = Release|Any CPU
		{29CFBE31-1EC7-47E9-AE6D-5DD30B9B287D}.Release|Any CPU.Build.0 = Release|Any CPU
		{3D3E9ABB-9F4A-443B-B46B-5D3EF06514FF}.Debug|Any CPU.ActiveCfg = Debug|Any CPU
		{3D3E9ABB-9F4A-443B-B46B-5D3EF06514FF}.Debug|Any CPU.Build.0 = Debug|Any CPU
		{3D3E9ABB-9F4A-443B-B46B-5D3EF06514FF}.Release|Any CPU.ActiveCfg = Release|Any CPU
		{3D3E9ABB-9F4A-443B-B46B-5D3EF06514FF}.Release|Any CPU.Build.0 = Release|Any CPU
		{182CCAB3-B7B1-4FCA-B8B7-C4E8F51B8DDB}.Debug|Any CPU.ActiveCfg = Debug|Any CPU
		{182CCAB3-B7B1-4FCA-B8B7-C4E8F51B8DDB}.Debug|Any CPU.Build.0 = Debug|Any CPU
		{182CCAB3-B7B1-4FCA-B8B7-C4E8F51B8DDB}.Release|Any CPU.ActiveCfg = Release|Any CPU
		{182CCAB3-B7B1-4FCA-B8B7-C4E8F51B8DDB}.Release|Any CPU.Build.0 = Release|Any CPU
		{1BD89DF8-78F9-49ED-B12D-C3E6A1368836}.Debug|Any CPU.ActiveCfg = Debug|Any CPU
		{1BD89DF8-78F9-49ED-B12D-C3E6A1368836}.Debug|Any CPU.Build.0 = Debug|Any CPU
		{1BD89DF8-78F9-49ED-B12D-C3E6A1368836}.Release|Any CPU.ActiveCfg = Release|Any CPU
		{1BD89DF8-78F9-49ED-B12D-C3E6A1368836}.Release|Any CPU.Build.0 = Release|Any CPU
		{70B2812C-A4A7-4B12-BE54-53DE1D416F5A}.Debug|Any CPU.ActiveCfg = Debug|Any CPU
		{70B2812C-A4A7-4B12-BE54-53DE1D416F5A}.Debug|Any CPU.Build.0 = Debug|Any CPU
		{70B2812C-A4A7-4B12-BE54-53DE1D416F5A}.Release|Any CPU.ActiveCfg = Release|Any CPU
		{70B2812C-A4A7-4B12-BE54-53DE1D416F5A}.Release|Any CPU.Build.0 = Release|Any CPU
		{88AB0CAE-09E6-484C-A875-593562840718}.Debug|Any CPU.ActiveCfg = Debug|Any CPU
		{88AB0CAE-09E6-484C-A875-593562840718}.Debug|Any CPU.Build.0 = Debug|Any CPU
		{88AB0CAE-09E6-484C-A875-593562840718}.Release|Any CPU.ActiveCfg = Release|Any CPU
		{88AB0CAE-09E6-484C-A875-593562840718}.Release|Any CPU.Build.0 = Release|Any CPU
		{95F1D397-9A7C-41F5-897C-0C80AB329769}.Debug|Any CPU.ActiveCfg = Debug|Any CPU
		{95F1D397-9A7C-41F5-897C-0C80AB329769}.Debug|Any CPU.Build.0 = Debug|Any CPU
		{95F1D397-9A7C-41F5-897C-0C80AB329769}.Release|Any CPU.ActiveCfg = Release|Any CPU
		{95F1D397-9A7C-41F5-897C-0C80AB329769}.Release|Any CPU.Build.0 = Release|Any CPU
		{50FCD07F-FA7B-47D9-BBBF-E17F5C011986}.Debug|Any CPU.ActiveCfg = Debug|Any CPU
		{50FCD07F-FA7B-47D9-BBBF-E17F5C011986}.Debug|Any CPU.Build.0 = Debug|Any CPU
		{50FCD07F-FA7B-47D9-BBBF-E17F5C011986}.Release|Any CPU.ActiveCfg = Release|Any CPU
		{50FCD07F-FA7B-47D9-BBBF-E17F5C011986}.Release|Any CPU.Build.0 = Release|Any CPU
		{EF4E7832-0A00-4731-B56D-685E8AE8A6A3}.Debug|Any CPU.ActiveCfg = Debug|Any CPU
		{EF4E7832-0A00-4731-B56D-685E8AE8A6A3}.Debug|Any CPU.Build.0 = Debug|Any CPU
		{EF4E7832-0A00-4731-B56D-685E8AE8A6A3}.Release|Any CPU.ActiveCfg = Release|Any CPU
		{EF4E7832-0A00-4731-B56D-685E8AE8A6A3}.Release|Any CPU.Build.0 = Release|Any CPU
		{D75377B7-B202-4748-A82F-F8046CCA5BF8}.Debug|Any CPU.ActiveCfg = Debug|Any CPU
		{D75377B7-B202-4748-A82F-F8046CCA5BF8}.Debug|Any CPU.Build.0 = Debug|Any CPU
		{D75377B7-B202-4748-A82F-F8046CCA5BF8}.Release|Any CPU.ActiveCfg = Release|Any CPU
		{D75377B7-B202-4748-A82F-F8046CCA5BF8}.Release|Any CPU.Build.0 = Release|Any CPU
		{782162F5-D2F3-43AE-B746-5326DF2CD6C3}.Debug|Any CPU.ActiveCfg = Debug|Any CPU
		{782162F5-D2F3-43AE-B746-5326DF2CD6C3}.Debug|Any CPU.Build.0 = Debug|Any CPU
		{782162F5-D2F3-43AE-B746-5326DF2CD6C3}.Release|Any CPU.ActiveCfg = Release|Any CPU
		{782162F5-D2F3-43AE-B746-5326DF2CD6C3}.Release|Any CPU.Build.0 = Release|Any CPU
		{3884E0C5-156B-434D-A658-FF977607268D}.Debug|Any CPU.ActiveCfg = Debug|Any CPU
		{3884E0C5-156B-434D-A658-FF977607268D}.Debug|Any CPU.Build.0 = Debug|Any CPU
		{3884E0C5-156B-434D-A658-FF977607268D}.Release|Any CPU.ActiveCfg = Release|Any CPU
		{3884E0C5-156B-434D-A658-FF977607268D}.Release|Any CPU.Build.0 = Release|Any CPU
		{7588A583-E105-4307-A4FD-AAE9CDB1B40B}.Debug|Any CPU.ActiveCfg = Debug|Any CPU
		{7588A583-E105-4307-A4FD-AAE9CDB1B40B}.Debug|Any CPU.Build.0 = Debug|Any CPU
		{7588A583-E105-4307-A4FD-AAE9CDB1B40B}.Release|Any CPU.ActiveCfg = Release|Any CPU
		{7588A583-E105-4307-A4FD-AAE9CDB1B40B}.Release|Any CPU.Build.0 = Release|Any CPU
	EndGlobalSection
	GlobalSection(SolutionProperties) = preSolution
		HideSolutionNode = FALSE
	EndGlobalSection
	GlobalSection(NestedProjects) = preSolution
		{346913F1-C2F6-4D09-BBBC-9080F4CB6B6E} = {36043E64-815E-494C-A950-35006B5D2D17}
		{3466DF5D-4A64-4163-972F-F17CF05114F6} = {36043E64-815E-494C-A950-35006B5D2D17}
		{BC1599A6-51B6-4255-85D5-2FDDC8586D89} = {3466DF5D-4A64-4163-972F-F17CF05114F6}
		{917EFB88-F58E-44C6-AC0D-6EB4022027AB} = {DBF9A3A0-679D-4620-93DB-365A6764482F}
		{9159C1EC-09A5-4A52-B397-27C7A7DF0896} = {DBF9A3A0-679D-4620-93DB-365A6764482F}
		{06AD334B-575A-4191-9775-DCB3F20A50AD} = {DBF9A3A0-679D-4620-93DB-365A6764482F}
		{CCD1CEE0-1DFC-4C1C-BFF0-7AF8A6BE205B} = {DBF9A3A0-679D-4620-93DB-365A6764482F}
		{A5427052-03FD-4895-9CD3-6126834FFC21} = {DBF9A3A0-679D-4620-93DB-365A6764482F}
		{8695242A-7616-46C3-A11A-EE2E2724E0A3} = {DBF9A3A0-679D-4620-93DB-365A6764482F}
		{EE04FC95-A93B-4BED-A5C5-33E293CB3DE0} = {DBF9A3A0-679D-4620-93DB-365A6764482F}
		{ABA3527F-BC81-46DA-AEA9-C166D3BF706E} = {346913F1-C2F6-4D09-BBBC-9080F4CB6B6E}
		{343BA929-C266-4BCA-91B3-B525B77BAC99} = {346913F1-C2F6-4D09-BBBC-9080F4CB6B6E}
		{19C75BDB-33DA-4FFB-ABF7-BE2526C3A3BD} = {3466DF5D-4A64-4163-972F-F17CF05114F6}
		{A4F767DB-4F4E-4682-B3D8-2A339F7B9680} = {36043E64-815E-494C-A950-35006B5D2D17}
		{2D4ACBEC-92CA-4392-9C31-3B8C694FAA9A} = {A4F767DB-4F4E-4682-B3D8-2A339F7B9680}
		{5E1CA47D-1E6D-4F46-B050-69C7327FF9E2} = {36043E64-815E-494C-A950-35006B5D2D17}
		{3AC4C481-9736-4DEA-9552-C29E6F7473A2} = {5E1CA47D-1E6D-4F46-B050-69C7327FF9E2}
		{29CFBE31-1EC7-47E9-AE6D-5DD30B9B287D} = {3466DF5D-4A64-4163-972F-F17CF05114F6}
		{3D3E9ABB-9F4A-443B-B46B-5D3EF06514FF} = {3466DF5D-4A64-4163-972F-F17CF05114F6}
		{182CCAB3-B7B1-4FCA-B8B7-C4E8F51B8DDB} = {A4F767DB-4F4E-4682-B3D8-2A339F7B9680}
		{1BD89DF8-78F9-49ED-B12D-C3E6A1368836} = {DBF9A3A0-679D-4620-93DB-365A6764482F}
		{70B2812C-A4A7-4B12-BE54-53DE1D416F5A} = {36043E64-815E-494C-A950-35006B5D2D17}
		{88AB0CAE-09E6-484C-A875-593562840718} = {67560CB9-7AD4-4038-87B5-EFEB6DAD687F}
		{E9271810-5D22-49B5-864E-652E7AF1FB97} = {3CB71F75-7B8A-479E-9459-AD8840F4F69B}
		{95F1D397-9A7C-41F5-897C-0C80AB329769} = {E9271810-5D22-49B5-864E-652E7AF1FB97}
		{50FCD07F-FA7B-47D9-BBBF-E17F5C011986} = {E9271810-5D22-49B5-864E-652E7AF1FB97}
		{EF4E7832-0A00-4731-B56D-685E8AE8A6A3} = {67560CB9-7AD4-4038-87B5-EFEB6DAD687F}
		{D75377B7-B202-4748-A82F-F8046CCA5BF8} = {67560CB9-7AD4-4038-87B5-EFEB6DAD687F}
		{782162F5-D2F3-43AE-B746-5326DF2CD6C3} = {67560CB9-7AD4-4038-87B5-EFEB6DAD687F}
		{3884E0C5-156B-434D-A658-FF977607268D} = {67560CB9-7AD4-4038-87B5-EFEB6DAD687F}
		{7588A583-E105-4307-A4FD-AAE9CDB1B40B} = {67560CB9-7AD4-4038-87B5-EFEB6DAD687F}
	EndGlobalSection
	GlobalSection(ExtensibilityGlobals) = postSolution
		SolutionGuid = {07F9D24D-58D8-425C-AAE3-226E531B6B11}
	EndGlobalSection
EndGlobal
